// !$*UTF8*$!
{
	archiveVersion = 1;
	classes = {
	};
	objectVersion = 46;
	objects = {

/* Begin PBXBuildFile section */
		E8182E5C1DC04A22007B7F26 /* Foundation.framework in Frameworks */ = {isa = PBXBuildFile; fileRef = E8182E5B1DC04A22007B7F26 /* Foundation.framework */; };
		E8182E5E1DC04A22007B7F26 /* UIKit.framework in Frameworks */ = {isa = PBXBuildFile; fileRef = E8182E5D1DC04A22007B7F26 /* UIKit.framework */; };
		E8182E801DC04AAC007B7F26 /* GlobalConfig.h in Headers */ = {isa = PBXBuildFile; fileRef = E8182E731DC04AAC007B7F26 /* GlobalConfig.h */; };
		E8182E811DC04AAC007B7F26 /* GlobalConfig.m in Sources */ = {isa = PBXBuildFile; fileRef = E8182E741DC04AAC007B7F26 /* GlobalConfig.m */; };
		E8182E821DC04AAC007B7F26 /* HeathStep.h in Headers */ = {isa = PBXBuildFile; fileRef = E8182E751DC04AAC007B7F26 /* HeathStep.h */; };
		E8182E831DC04AAC007B7F26 /* HeathStep.m in Sources */ = {isa = PBXBuildFile; fileRef = E8182E761DC04AAC007B7F26 /* HeathStep.m */; };
		E8182E841DC04AAC007B7F26 /* LibSetup.h in Headers */ = {isa = PBXBuildFile; fileRef = E8182E771DC04AAC007B7F26 /* LibSetup.h */; };
		E8182E851DC04AAC007B7F26 /* LibSetup.m in Sources */ = {isa = PBXBuildFile; fileRef = E8182E781DC04AAC007B7F26 /* LibSetup.m */; };
		E8182E861DC04AAC007B7F26 /* MessageRevoke.h in Headers */ = {isa = PBXBuildFile; fileRef = E8182E791DC04AAC007B7F26 /* MessageRevoke.h */; };
		E8182E871DC04AAC007B7F26 /* MessageRevoke.m in Sources */ = {isa = PBXBuildFile; fileRef = E8182E7A1DC04AAC007B7F26 /* MessageRevoke.m */; };
		E8182E881DC04AAC007B7F26 /* NSObject+ZHAddForMethodSwizzing.h in Headers */ = {isa = PBXBuildFile; fileRef = E8182E7B1DC04AAC007B7F26 /* NSObject+ZHAddForMethodSwizzing.h */; };
		E8182E891DC04AAC007B7F26 /* NSObject+ZHAddForMethodSwizzing.m in Sources */ = {isa = PBXBuildFile; fileRef = E8182E7C1DC04AAC007B7F26 /* NSObject+ZHAddForMethodSwizzing.m */; };
		E8182E8A1DC04AAC007B7F26 /* RedEnvelop.h in Headers */ = {isa = PBXBuildFile; fileRef = E8182E7D1DC04AAC007B7F26 /* RedEnvelop.h */; };
		E8182E8B1DC04AAC007B7F26 /* RedEnvelop.m in Sources */ = {isa = PBXBuildFile; fileRef = E8182E7E1DC04AAC007B7F26 /* RedEnvelop.m */; };
		E8182E8C1DC04AAC007B7F26 /* WeChatTool.mm in Sources */ = {isa = PBXBuildFile; fileRef = E8182E7F1DC04AAC007B7F26 /* WeChatTool.mm */; };
		E8182E8E1DC04B77007B7F26 /* HealthKit.framework in Frameworks */ = {isa = PBXBuildFile; fileRef = E8182E8D1DC04B77007B7F26 /* HealthKit.framework */; };
/* End PBXBuildFile section */

/* Begin PBXFileReference section */
		E8182E581DC04A22007B7F26 /* libWeChatTool.dylib */ = {isa = PBXFileReference; explicitFileType = "compiled.mach-o.dylib"; includeInIndex = 0; path = libWeChatTool.dylib; sourceTree = BUILT_PRODUCTS_DIR; };
		E8182E5B1DC04A22007B7F26 /* Foundation.framework */ = {isa = PBXFileReference; lastKnownFileType = wrapper.framework; name = Foundation.framework; path = System/Library/Frameworks/Foundation.framework; sourceTree = SDKROOT; };
		E8182E5D1DC04A22007B7F26 /* UIKit.framework */ = {isa = PBXFileReference; lastKnownFileType = wrapper.framework; name = UIKit.framework; path = System/Library/Frameworks/UIKit.framework; sourceTree = SDKROOT; };
		E8182E621DC04A22007B7F26 /* control.txt */ = {isa = PBXFileReference; lastKnownFileType = text; name = control.txt; path = Package/DEBIAN/control.txt; sourceTree = "<group>"; };
		E8182E631DC04A22007B7F26 /* control */ = {isa = PBXFileReference; lastKnownFileType = text; name = control; path = Package/DEBIAN/control; sourceTree = "<group>"; };
		E8182E651DC04A22007B7F26 /* PackageVersion.plist */ = {isa = PBXFileReference; lastKnownFileType = text.plist.xml; path = PackageVersion.plist; sourceTree = "<group>"; };
		E8182E661DC04A22007B7F26 /* WeChatTool-Prefix.pch */ = {isa = PBXFileReference; lastKnownFileType = sourcecode.c.h; path = "WeChatTool-Prefix.pch"; sourceTree = "<group>"; };
		E8182E6D1DC04A22007B7F26 /* 0xdeadfa11 */ = {isa = PBXFileReference; lastKnownFileType = text; name = 0xdeadfa11; path = Package/usr/lib/0xdeadfa11; sourceTree = "<group>"; };
		E8182E731DC04AAC007B7F26 /* GlobalConfig.h */ = {isa = PBXFileReference; fileEncoding = 4; lastKnownFileType = sourcecode.c.h; path = GlobalConfig.h; sourceTree = "<group>"; };
		E8182E741DC04AAC007B7F26 /* GlobalConfig.m */ = {isa = PBXFileReference; fileEncoding = 4; lastKnownFileType = sourcecode.c.objc; path = GlobalConfig.m; sourceTree = "<group>"; };
		E8182E751DC04AAC007B7F26 /* HeathStep.h */ = {isa = PBXFileReference; fileEncoding = 4; lastKnownFileType = sourcecode.c.h; path = HeathStep.h; sourceTree = "<group>"; };
		E8182E761DC04AAC007B7F26 /* HeathStep.m */ = {isa = PBXFileReference; fileEncoding = 4; lastKnownFileType = sourcecode.c.objc; path = HeathStep.m; sourceTree = "<group>"; };
		E8182E771DC04AAC007B7F26 /* LibSetup.h */ = {isa = PBXFileReference; fileEncoding = 4; lastKnownFileType = sourcecode.c.h; path = LibSetup.h; sourceTree = "<group>"; };
		E8182E781DC04AAC007B7F26 /* LibSetup.m */ = {isa = PBXFileReference; fileEncoding = 4; lastKnownFileType = sourcecode.c.objc; path = LibSetup.m; sourceTree = "<group>"; };
		E8182E791DC04AAC007B7F26 /* MessageRevoke.h */ = {isa = PBXFileReference; fileEncoding = 4; lastKnownFileType = sourcecode.c.h; path = MessageRevoke.h; sourceTree = "<group>"; };
		E8182E7A1DC04AAC007B7F26 /* MessageRevoke.m */ = {isa = PBXFileReference; fileEncoding = 4; lastKnownFileType = sourcecode.c.objc; path = MessageRevoke.m; sourceTree = "<group>"; };
		E8182E7B1DC04AAC007B7F26 /* NSObject+ZHAddForMethodSwizzing.h */ = {isa = PBXFileReference; fileEncoding = 4; lastKnownFileType = sourcecode.c.h; path = "NSObject+ZHAddForMethodSwizzing.h"; sourceTree = "<group>"; };
		E8182E7C1DC04AAC007B7F26 /* NSObject+ZHAddForMethodSwizzing.m */ = {isa = PBXFileReference; fileEncoding = 4; lastKnownFileType = sourcecode.c.objc; path = "NSObject+ZHAddForMethodSwizzing.m"; sourceTree = "<group>"; };
		E8182E7D1DC04AAC007B7F26 /* RedEnvelop.h */ = {isa = PBXFileReference; fileEncoding = 4; lastKnownFileType = sourcecode.c.h; path = RedEnvelop.h; sourceTree = "<group>"; };
		E8182E7E1DC04AAC007B7F26 /* RedEnvelop.m */ = {isa = PBXFileReference; fileEncoding = 4; lastKnownFileType = sourcecode.c.objc; path = RedEnvelop.m; sourceTree = "<group>"; };
		E8182E7F1DC04AAC007B7F26 /* WeChatTool.mm */ = {isa = PBXFileReference; fileEncoding = 4; lastKnownFileType = sourcecode.cpp.objcpp; path = WeChatTool.mm; sourceTree = "<group>"; };
		E8182E8D1DC04B77007B7F26 /* HealthKit.framework */ = {isa = PBXFileReference; lastKnownFileType = wrapper.framework; name = HealthKit.framework; path = System/Library/Frameworks/HealthKit.framework; sourceTree = SDKROOT; };
/* End PBXFileReference section */

/* Begin PBXFrameworksBuildPhase section */
		E8182E541DC04A22007B7F26 /* Frameworks */ = {
			isa = PBXFrameworksBuildPhase;
			buildActionMask = 2147483647;
			files = (
				E8182E8E1DC04B77007B7F26 /* HealthKit.framework in Frameworks */,
				E8182E5C1DC04A22007B7F26 /* Foundation.framework in Frameworks */,
				E8182E5E1DC04A22007B7F26 /* UIKit.framework in Frameworks */,
			);
			runOnlyForDeploymentPostprocessing = 0;
		};
/* End PBXFrameworksBuildPhase section */

/* Begin PBXGroup section */
		E8182E4E1DC04A22007B7F26 = {
			isa = PBXGroup;
			children = (
				E8182E5F1DC04A22007B7F26 /* WeChatTool */,
				E8182E5A1DC04A22007B7F26 /* Frameworks */,
				E8182E591DC04A22007B7F26 /* Products */,
			);
			sourceTree = "<group>";
		};
		E8182E591DC04A22007B7F26 /* Products */ = {
			isa = PBXGroup;
			children = (
				E8182E581DC04A22007B7F26 /* libWeChatTool.dylib */,
			);
			name = Products;
			sourceTree = "<group>";
		};
		E8182E5A1DC04A22007B7F26 /* Frameworks */ = {
			isa = PBXGroup;
			children = (
				E8182E8D1DC04B77007B7F26 /* HealthKit.framework */,
				E8182E5B1DC04A22007B7F26 /* Foundation.framework */,
				E8182E5D1DC04A22007B7F26 /* UIKit.framework */,
			);
			name = Frameworks;
			sourceTree = "<group>";
		};
		E8182E5F1DC04A22007B7F26 /* WeChatTool */ = {
			isa = PBXGroup;
			children = (
				E8182E731DC04AAC007B7F26 /* GlobalConfig.h */,
				E8182E741DC04AAC007B7F26 /* GlobalConfig.m */,
				E8182E751DC04AAC007B7F26 /* HeathStep.h */,
				E8182E761DC04AAC007B7F26 /* HeathStep.m */,
				E8182E771DC04AAC007B7F26 /* LibSetup.h */,
				E8182E781DC04AAC007B7F26 /* LibSetup.m */,
				E8182E791DC04AAC007B7F26 /* MessageRevoke.h */,
				E8182E7A1DC04AAC007B7F26 /* MessageRevoke.m */,
				E8182E7B1DC04AAC007B7F26 /* NSObject+ZHAddForMethodSwizzing.h */,
				E8182E7C1DC04AAC007B7F26 /* NSObject+ZHAddForMethodSwizzing.m */,
				E8182E7D1DC04AAC007B7F26 /* RedEnvelop.h */,
				E8182E7E1DC04AAC007B7F26 /* RedEnvelop.m */,
				E8182E7F1DC04AAC007B7F26 /* WeChatTool.mm */,
				E8182E601DC04A22007B7F26 /* Package */,
				E8182E641DC04A22007B7F26 /* Supporting Files */,
			);
			path = WeChatTool;
			sourceTree = "<group>";
		};
		E8182E601DC04A22007B7F26 /* Package */ = {
			isa = PBXGroup;
			children = (
				E8182E611DC04A22007B7F26 /* DEBIAN */,
				E8182E6B1DC04A22007B7F26 /* usr */,
			);
			name = Package;
			sourceTree = "<group>";
		};
		E8182E611DC04A22007B7F26 /* DEBIAN */ = {
			isa = PBXGroup;
			children = (
				E8182E621DC04A22007B7F26 /* control.txt */,
				E8182E631DC04A22007B7F26 /* control */,
			);
			name = DEBIAN;
			sourceTree = "<group>";
		};
		E8182E641DC04A22007B7F26 /* Supporting Files */ = {
			isa = PBXGroup;
			children = (
				E8182E651DC04A22007B7F26 /* PackageVersion.plist */,
				E8182E661DC04A22007B7F26 /* WeChatTool-Prefix.pch */,
			);
			name = "Supporting Files";
			sourceTree = "<group>";
		};
		E8182E6B1DC04A22007B7F26 /* usr */ = {
			isa = PBXGroup;
			children = (
				E8182E6C1DC04A22007B7F26 /* lib */,
			);
			name = usr;
			sourceTree = "<group>";
		};
		E8182E6C1DC04A22007B7F26 /* lib */ = {
			isa = PBXGroup;
			children = (
				E8182E6D1DC04A22007B7F26 /* 0xdeadfa11 */,
			);
			name = lib;
			sourceTree = "<group>";
		};
/* End PBXGroup section */

/* Begin PBXHeadersBuildPhase section */
		E8182E551DC04A22007B7F26 /* Headers */ = {
			isa = PBXHeadersBuildPhase;
			buildActionMask = 2147483647;
			files = (
				E8182E841DC04AAC007B7F26 /* LibSetup.h in Headers */,
				E8182E821DC04AAC007B7F26 /* HeathStep.h in Headers */,
				E8182E881DC04AAC007B7F26 /* NSObject+ZHAddForMethodSwizzing.h in Headers */,
				E8182E861DC04AAC007B7F26 /* MessageRevoke.h in Headers */,
				E8182E8A1DC04AAC007B7F26 /* RedEnvelop.h in Headers */,
				E8182E801DC04AAC007B7F26 /* GlobalConfig.h in Headers */,
			);
			runOnlyForDeploymentPostprocessing = 0;
		};
/* End PBXHeadersBuildPhase section */

/* Begin PBXNativeTarget section */
		E8182E571DC04A22007B7F26 /* WeChatTool */ = {
			isa = PBXNativeTarget;
			buildConfigurationList = E8182E701DC04A22007B7F26 /* Build configuration list for PBXNativeTarget "WeChatTool" */;
			buildPhases = (
				E8182E531DC04A22007B7F26 /* Sources */,
				E8182E541DC04A22007B7F26 /* Frameworks */,
				E8182E551DC04A22007B7F26 /* Headers */,
				E8182E561DC04A22007B7F26 /* ShellScript */,
			);
			buildRules = (
			);
			dependencies = (
			);
			name = WeChatTool;
			productName = WeChatTool;
			productReference = E8182E581DC04A22007B7F26 /* libWeChatTool.dylib */;
			productType = "com.apple.product-type.library.dynamic";
		};
/* End PBXNativeTarget section */

/* Begin PBXProject section */
		E8182E4F1DC04A22007B7F26 /* Project object */ = {
			isa = PBXProject;
			attributes = {
				LastUpgradeCheck = 0800;
				TargetAttributes = {
					E8182E571DC04A22007B7F26 = {
						CreatedOnToolsVersion = 8.0;
						DevelopmentTeam = LD4QNR59HB;
						ProvisioningStyle = Automatic;
					};
				};
			};
			buildConfigurationList = E8182E521DC04A22007B7F26 /* Build configuration list for PBXProject "WeChatTool" */;
			compatibilityVersion = "Xcode 3.2";
			developmentRegion = English;
			hasScannedForEncodings = 0;
			knownRegions = (
				en,
			);
			mainGroup = E8182E4E1DC04A22007B7F26;
			productRefGroup = E8182E591DC04A22007B7F26 /* Products */;
			projectDirPath = "";
			projectRoot = "";
			targets = (
				E8182E571DC04A22007B7F26 /* WeChatTool */,
			);
		};
/* End PBXProject section */

/* Begin PBXShellScriptBuildPhase section */
		E8182E561DC04A22007B7F26 /* ShellScript */ = {
			isa = PBXShellScriptBuildPhase;
			buildActionMask = 2147483647;
			files = (
			);
			inputPaths = (
			);
			outputPaths = (
			);
			runOnlyForDeploymentPostprocessing = 0;
			shellPath = /bin/sh;
			shellScript = "/opt/iOSOpenDev/bin/iosod --xcbp";
		};
/* End PBXShellScriptBuildPhase section */

/* Begin PBXSourcesBuildPhase section */
		E8182E531DC04A22007B7F26 /* Sources */ = {
			isa = PBXSourcesBuildPhase;
			buildActionMask = 2147483647;
			files = (
				E8182E8B1DC04AAC007B7F26 /* RedEnvelop.m in Sources */,
				E8182E831DC04AAC007B7F26 /* HeathStep.m in Sources */,
				E8182E851DC04AAC007B7F26 /* LibSetup.m in Sources */,
				E8182E871DC04AAC007B7F26 /* MessageRevoke.m in Sources */,
				E8182E811DC04AAC007B7F26 /* GlobalConfig.m in Sources */,
				E8182E891DC04AAC007B7F26 /* NSObject+ZHAddForMethodSwizzing.m in Sources */,
				E8182E8C1DC04AAC007B7F26 /* WeChatTool.mm in Sources */,
			);
			runOnlyForDeploymentPostprocessing = 0;
		};
/* End PBXSourcesBuildPhase section */

/* Begin XCBuildConfiguration section */
		E8182E6E1DC04A22007B7F26 /* Debug */ = {
			isa = XCBuildConfiguration;
			buildSettings = {
				COPY_PHASE_STRIP = NO;
				EXCLUDED_RECURSIVE_SEARCH_PATH_SUBDIRECTORIES = "*.nib *.lproj *.gch (*) .DS_Store CVS .svn .git .hg *.xcodeproj *.xcode *.pbproj *.pbxproj";
				FRAMEWORK_SEARCH_PATHS = (
					"$(iOSOpenDevPath)/frameworks/**",
					"$(SDKROOT)/System/Library/PrivateFrameworks",
				);
				GCC_C_LANGUAGE_STANDARD = gnu99;
				GCC_DYNAMIC_NO_PIC = NO;
				GCC_OPTIMIZATION_LEVEL = 0;
				GCC_PREPROCESSOR_DEFINITIONS = (
					"DEBUG=1",
					"$(inherited)",
				);
				GCC_SYMBOLS_PRIVATE_EXTERN = NO;
				GCC_WARN_ABOUT_MISSING_PROTOTYPES = YES;
				GCC_WARN_ABOUT_RETURN_TYPE = YES;
				GCC_WARN_UNUSED_VARIABLE = YES;
				HEADER_SEARCH_PATHS = "$(iOSOpenDevPath)/include/**";
				IPHONEOS_DEPLOYMENT_TARGET = 8.0;
				LIBRARY_SEARCH_PATHS = "$(iOSOpenDevPath)/lib/**";
				SDKROOT = iphoneos;
				TARGETED_DEVICE_FAMILY = "1,2";
				VALIDATE_PRODUCT = NO;
				iOSOpenDevPath = /opt/iOSOpenDev;
			};
			name = Debug;
		};
		E8182E6F1DC04A22007B7F26 /* Release */ = {
			isa = XCBuildConfiguration;
			buildSettings = {
				COPY_PHASE_STRIP = YES;
				EXCLUDED_RECURSIVE_SEARCH_PATH_SUBDIRECTORIES = "*.nib *.lproj *.gch (*) .DS_Store CVS .svn .git .hg *.xcodeproj *.xcode *.pbproj *.pbxproj";
				FRAMEWORK_SEARCH_PATHS = (
					"$(iOSOpenDevPath)/frameworks/**",
					"$(SDKROOT)/System/Library/PrivateFrameworks",
				);
				GCC_C_LANGUAGE_STANDARD = gnu99;
				GCC_WARN_ABOUT_MISSING_PROTOTYPES = YES;
				GCC_WARN_ABOUT_RETURN_TYPE = YES;
				GCC_WARN_UNUSED_VARIABLE = YES;
				HEADER_SEARCH_PATHS = "$(iOSOpenDevPath)/include/**";
				IPHONEOS_DEPLOYMENT_TARGET = 8.0;
				LIBRARY_SEARCH_PATHS = "$(iOSOpenDevPath)/lib/**";
				SDKROOT = iphoneos;
				TARGETED_DEVICE_FAMILY = "1,2";
				VALIDATE_PRODUCT = YES;
				iOSOpenDevPath = /opt/iOSOpenDev;
			};
			name = Release;
		};
		E8182E711DC04A22007B7F26 /* Debug */ = {
			isa = XCBuildConfiguration;
			buildSettings = {
				CODE_SIGN_IDENTITY = "";
				DEVELOPMENT_TEAM = LD4QNR59HB;
				DYLIB_COMPATIBILITY_VERSION = 1;
				DYLIB_CURRENT_VERSION = 1;
				EXECUTABLE_PREFIX = lib;
				GCC_PRECOMPILE_PREFIX_HEADER = YES;
				GCC_PREFIX_HEADER = "WeChatTool/WeChatTool-Prefix.pch";
				INSTALL_PATH = /usr/lib;
				PRODUCT_NAME = "$(TARGET_NAME)";
				iOSOpenDevBuildPackageOnAnyBuild = NO;
				iOSOpenDevCopyOnBuild = NO;
				iOSOpenDevDevice = "";
				iOSOpenDevInstallOnAnyBuild = NO;
				iOSOpenDevInstallOnProfiling = YES;
				iOSOpenDevRespringOnInstall = YES;
				iOSOpenDevUsePackageVersionPList = YES;
			};
			name = Debug;
		};
		E8182E721DC04A22007B7F26 /* Release */ = {
			isa = XCBuildConfiguration;
			buildSettings = {
				CODE_SIGN_IDENTITY = "";
				DEVELOPMENT_TEAM = LD4QNR59HB;
				DYLIB_COMPATIBILITY_VERSION = 1;
				DYLIB_CURRENT_VERSION = 1;
				EXECUTABLE_PREFIX = lib;
				GCC_PRECOMPILE_PREFIX_HEADER = YES;
				GCC_PREFIX_HEADER = "WeChatTool/WeChatTool-Prefix.pch";
				INSTALL_PATH = /usr/lib;
				PRODUCT_NAME = "$(TARGET_NAME)";
				iOSOpenDevBuildPackageOnAnyBuild = NO;
				iOSOpenDevCopyOnBuild = NO;
				iOSOpenDevDevice = "";
				iOSOpenDevInstallOnAnyBuild = NO;
				iOSOpenDevInstallOnProfiling = YES;
				iOSOpenDevRespringOnInstall = YES;
				iOSOpenDevUsePackageVersionPList = YES;
			};
			name = Release;
		};
/* End XCBuildConfiguration section */

/* Begin XCConfigurationList section */
		E8182E521DC04A22007B7F26 /* Build configuration list for PBXProject "WeChatTool" */ = {
			isa = XCConfigurationList;
			buildConfigurations = (
				E8182E6E1DC04A22007B7F26 /* Debug */,
				E8182E6F1DC04A22007B7F26 /* Release */,
			);
			defaultConfigurationIsVisible = 0;
			defaultConfigurationName = Release;
		};
		E8182E701DC04A22007B7F26 /* Build configuration list for PBXNativeTarget "WeChatTool" */ = {
			isa = XCConfigurationList;
			buildConfigurations = (
				E8182E711DC04A22007B7F26 /* Debug */,
				E8182E721DC04A22007B7F26 /* Release */,
			);
			defaultConfigurationIsVisible = 0;
		};
/* End XCConfigurationList section */
	};
	rootObject = E8182E4F1DC04A22007B7F26 /* Project object */;
}
